
Microsoft Visual Studio Solution File, Format Version 12.00
# Visual Studio 14
VisualStudioVersion = 14.0.25420.1
MinimumVisualStudioVersion = 10.0.40219.1
Project("{FAE04EC0-301F-11D3-BF4B-00C04F79EFBC}") = "Database", "Database\Database.csproj", "{79DFEA6B-7480-4C0F-91EF-2A9E8A64F87C}"
EndProject
Project("{FAE04EC0-301F-11D3-BF4B-00C04F79EFBC}") = "Api_car_rental", "Api_car_rental\Api_car_rental.csproj", "{B81B7C5D-DCFD-4558-8E9B-6095715A65A1}"
EndProject
Global
	GlobalSection(SolutionConfigurationPlatforms) = preSolution
		Debug|Any CPU = Debug|Any CPU
		Release|Any CPU = Release|Any CPU
	EndGlobalSection
	GlobalSection(ProjectConfigurationPlatforms) = postSolution
		{79DFEA6B-7480-4C0F-91EF-2A9E8A64F87C}.Debug|Any CPU.ActiveCfg = Debug|Any CPU
		{79DFEA6B-7480-4C0F-91EF-2A9E8A64F87C}.Debug|Any CPU.Build.0 = Debug|Any CPU
		{79DFEA6B-7480-4C0F-91EF-2A9E8A64F87C}.Release|Any CPU.ActiveCfg = Release|Any CPU
		{79DFEA6B-7480-4C0F-91EF-2A9E8A64F87C}.Release|Any CPU.Build.0 = Release|Any CPU
		{B81B7C5D-DCFD-4558-8E9B-6095715A65A1}.Debug|Any CPU.ActiveCfg = Debug|Any CPU
		{B81B7C5D-DCFD-4558-8E9B-6095715A65A1}.Debug|Any CPU.Build.0 = Debug|Any CPU
		{B81B7C5D-DCFD-4558-8E9B-6095715A65A1}.Release|Any CPU.ActiveCfg = Release|Any CPU
		{B81B7C5D-DCFD-4558-8E9B-6095715A65A1}.Release|Any CPU.Build.0 = Release|Any CPU
	EndGlobalSection
	GlobalSection(SolutionProperties) = preSolution
		HideSolutionNode = FALSE
	EndGlobalSection
EndGlobal
